
Microsoft Visual Studio Solution File, Format Version 12.00
# Visual Studio 14
VisualStudioVersion = 14.0.23107.0
MinimumVisualStudioVersion = 10.0.40219.1
Project("{151D2E53-A2C4-4D7D-83FE-D05416EBD58E}") = "Sale_Force", "Sale_Force\Sale_Force.deployproj", "{7034C8F4-8E0B-4F05-9D02-EF50480BBE8A}"
EndProject
Global
	GlobalSection(SolutionConfigurationPlatforms) = preSolution
		Debug|Any CPU = Debug|Any CPU
		Release|Any CPU = Release|Any CPU
	EndGlobalSection
	GlobalSection(ProjectConfigurationPlatforms) = postSolution
		{7034C8F4-8E0B-4F05-9D02-EF50480BBE8A}.Debug|Any CPU.ActiveCfg = Debug|Any CPU
		{7034C8F4-8E0B-4F05-9D02-EF50480BBE8A}.Debug|Any CPU.Build.0 = Debug|Any CPU
		{7034C8F4-8E0B-4F05-9D02-EF50480BBE8A}.Release|Any CPU.ActiveCfg = Release|Any CPU
		{7034C8F4-8E0B-4F05-9D02-EF50480BBE8A}.Release|Any CPU.Build.0 = Release|Any CPU
	EndGlobalSection
	GlobalSection(SolutionProperties) = preSolution
		HideSolutionNode = FALSE
	EndGlobalSection
EndGlobal
